
Microsoft Visual Studio Solution File, Format Version 12.00
# Visual Studio 15
VisualStudioVersion = 15.0.27703.2042
MinimumVisualStudioVersion = 10.0.40219.1
Project("{FAE04EC0-301F-11D3-BF4B-00C04F79EFBC}") = "FLCallAPI", "FLCallAPI.csproj", "{77AE7835-485B-4C53-BDFF-12F55FA47D00}"
EndProject
Project("{FAE04EC0-301F-11D3-BF4B-00C04F79EFBC}") = "QR_Test", "..\QR_Test\QR_Test.csproj", "{522453A5-5784-41D2-AF29-B5C13990DAA3}"
EndProject
Global
	GlobalSection(SolutionConfigurationPlatforms) = preSolution
		Debug|Any CPU = Debug|Any CPU
		Release|Any CPU = Release|Any CPU
	EndGlobalSection
	GlobalSection(ProjectConfigurationPlatforms) = postSolution
		{77AE7835-485B-4C53-BDFF-12F55FA47D00}.Debug|Any CPU.ActiveCfg = Debug|Any CPU
		{77AE7835-485B-4C53-BDFF-12F55FA47D00}.Debug|Any CPU.Build.0 = Debug|Any CPU
		{77AE7835-485B-4C53-BDFF-12F55FA47D00}.Release|Any CPU.ActiveCfg = Release|Any CPU
		{77AE7835-485B-4C53-BDFF-12F55FA47D00}.Release|Any CPU.Build.0 = Release|Any CPU
		{522453A5-5784-41D2-AF29-B5C13990DAA3}.Debug|Any CPU.ActiveCfg = Debug|Any CPU
		{522453A5-5784-41D2-AF29-B5C13990DAA3}.Debug|Any CPU.Build.0 = Debug|Any CPU
		{522453A5-5784-41D2-AF29-B5C13990DAA3}.Release|Any CPU.ActiveCfg = Release|Any CPU
		{522453A5-5784-41D2-AF29-B5C13990DAA3}.Release|Any CPU.Build.0 = Release|Any CPU
	EndGlobalSection
	GlobalSection(SolutionProperties) = preSolution
		HideSolutionNode = FALSE
	EndGlobalSection
	GlobalSection(ExtensibilityGlobals) = postSolution
		SolutionGuid = {C7578242-08F2-483C-A91B-C86D6F15CC25}
	EndGlobalSection
EndGlobal
